Microsoft Visual Studio Solution File, Format Version 12.00
# Visual Studio Version 17
VisualStudioVersion = 17.4.33213.308
MinimumVisualStudioVersion = 10.0.40219.1
Project("{9A19103F-16F7-4668-BE54-9A1E7A4F7556}") = "InitializeDB", "InitializeDB\InitializeDB.csproj", "{707DAD7F-5632-4AD7-860E-73A181C52EE2}"
EndProject
Project("{9A19103F-16F7-4668-BE54-9A1E7A4F7556}") = "Practica1Gen.Infraestructure", "Practica1Gen.Infraestructure\Practica1Gen.Infraestructure.csproj", "{66C66636-FD6A-4A3F-A7C5-FE88BBA117AF}"
EndProject
Project("{9A19103F-16F7-4668-BE54-9A1E7A4F7556}") = "Practica1Gen.ApplicationCore", "Practica1Gen.ApplicationCore\Practica1Gen.ApplicationCore.csproj", "{3D0F3352-F0BC-4551-818A-EE8EAE9524EA}"
EndProject
Global
	GlobalSection(SolutionConfigurationPlatforms) = preSolution
		Debug|Any CPU = Debug|Any CPU
		Release|Any CPU = Release|Any CPU
	EndGlobalSection
	GlobalSection(ProjectConfigurationPlatforms) = postSolution
		{707DAD7F-5632-4AD7-860E-73A181C52EE2}.Debug|Any CPU.ActiveCfg = Debug|Any CPU
		{707DAD7F-5632-4AD7-860E-73A181C52EE2}.Debug|Any CPU.Build.0 = Debug|Any CPU
		{707DAD7F-5632-4AD7-860E-73A181C52EE2}.Release|Any CPU.ActiveCfg = Release|Any CPU
		{707DAD7F-5632-4AD7-860E-73A181C52EE2}.Release|Any CPU.Build.0 = Release|Any CPU
		{66C66636-FD6A-4A3F-A7C5-FE88BBA117AF}.Debug|Any CPU.ActiveCfg = Debug|Any CPU
		{66C66636-FD6A-4A3F-A7C5-FE88BBA117AF}.Debug|Any CPU.Build.0 = Debug|Any CPU
		{66C66636-FD6A-4A3F-A7C5-FE88BBA117AF}.Release|Any CPU.ActiveCfg = Release|Any CPU
		{66C66636-FD6A-4A3F-A7C5-FE88BBA117AF}.Release|Any CPU.Build.0 = Release|Any CPU
		{3D0F3352-F0BC-4551-818A-EE8EAE9524EA}.Debug|Any CPU.ActiveCfg = Debug|Any CPU
		{3D0F3352-F0BC-4551-818A-EE8EAE9524EA}.Debug|Any CPU.Build.0 = Debug|Any CPU
		{3D0F3352-F0BC-4551-818A-EE8EAE9524EA}.Release|Any CPU.ActiveCfg = Release|Any CPU
		{3D0F3352-F0BC-4551-818A-EE8EAE9524EA}.Release|Any CPU.Build.0 = Release|Any CPU
	EndGlobalSection
	GlobalSection(SolutionProperties) = preSolution
		HideSolutionNode = FALSE
	EndGlobalSection
	GlobalSection(ExtensibilityGlobals) = postSolution
		SolutionGuid = {05DF6BFE-7BB3-4B01-A5E4-2E51A99F219F}
	EndGlobalSection
EndGlobal
